
Microsoft Visual Studio Solution File, Format Version 12.00
# Visual Studio Version 17
VisualStudioVersion = 17.10.35027.167
MinimumVisualStudioVersion = 10.0.40219.1
Project("{9A19103F-16F7-4668-BE54-9A1E7A4F7556}") = "HotChocolate.Issues", "HotChocolate.Issues.csproj", "{0CE76A9C-3C3C-496B-AAE9-1687DEB5C29C}"
EndProject
Global
	GlobalSection(SolutionConfigurationPlatforms) = preSolution
		Debug|Any CPU = Debug|Any CPU
		Release|Any CPU = Release|Any CPU
	EndGlobalSection
	GlobalSection(ProjectConfigurationPlatforms) = postSolution
		{0CE76A9C-3C3C-496B-AAE9-1687DEB5C29C}.Debug|Any CPU.ActiveCfg = Debug|Any CPU
		{0CE76A9C-3C3C-496B-AAE9-1687DEB5C29C}.Debug|Any CPU.Build.0 = Debug|Any CPU
		{0CE76A9C-3C3C-496B-AAE9-1687DEB5C29C}.Release|Any CPU.ActiveCfg = Release|Any CPU
		{0CE76A9C-3C3C-496B-AAE9-1687DEB5C29C}.Release|Any CPU.Build.0 = Release|Any CPU
	EndGlobalSection
	GlobalSection(SolutionProperties) = preSolution
		HideSolutionNode = FALSE
	EndGlobalSection
	GlobalSection(ExtensibilityGlobals) = postSolution
		SolutionGuid = {4E7EBB11-792F-46BF-8DDF-8529645B5C84}
	EndGlobalSection
EndGlobal
